// !$*UTF8*$!
{
	archiveVersion = 1;
	classes = {
	};
	objectVersion = 50;
	objects = {

/* Begin PBXBuildFile section */
		15780C9A2ABD681900169CDD /* AppDelegate.m in Sources */ = {isa = PBXBuildFile; fileRef = 15780C992ABD681900169CDD /* AppDelegate.m */; };
		15780C9D2ABD681900169CDD /* SceneDelegate.m in Sources */ = {isa = PBXBuildFile; fileRef = 15780C9C2ABD681900169CDD /* SceneDelegate.m */; };
		15780CA02ABD681900169CDD /* ViewController.m in Sources */ = {isa = PBXBuildFile; fileRef = 15780C9F2ABD681900169CDD /* ViewController.m */; };
		15780CA32ABD681900169CDD /* Main.storyboard in Resources */ = {isa = PBXBuildFile; fileRef = 15780CA12ABD681900169CDD /* Main.storyboard */; };
		15780CA52ABD681C00169CDD /* Assets.xcassets in Resources */ = {isa = PBXBuildFile; fileRef = 15780CA42ABD681C00169CDD /* Assets.xcassets */; };
		15780CA82ABD681C00169CDD /* LaunchScreen.storyboard in Resources */ = {isa = PBXBuildFile; fileRef = 15780CA62ABD681C00169CDD /* LaunchScreen.storyboard */; };
		15780CAB2ABD681C00169CDD /* main.m in Sources */ = {isa = PBXBuildFile; fileRef = 15780CAA2ABD681C00169CDD /* main.m */; };
		15780CC12ABE0DAB00169CDD /* DetailsViewController.m in Sources */ = {isa = PBXBuildFile; fileRef = 15780CC02ABE0DAB00169CDD /* DetailsViewController.m */; };
		15780CC52ABE179300169CDD /* MovieModel.m in Sources */ = {isa = PBXBuildFile; fileRef = 15780CC42ABE179300169CDD /* MovieModel.m */; };
		15780CC92ABE19BC00169CDD /* MovieDAO.m in Sources */ = {isa = PBXBuildFile; fileRef = 15780CC82ABE19BC00169CDD /* MovieDAO.m */; };
/* End PBXBuildFile section */

/* Begin PBXFileReference section */
		15780C952ABD681900169CDD /* movvvies.app */ = {isa = PBXFileReference; explicitFileType = wrapper.application; includeInIndex = 0; path = movvvies.app; sourceTree = BUILT_PRODUCTS_DIR; };
		15780C982ABD681900169CDD /* AppDelegate.h */ = {isa = PBXFileReference; lastKnownFileType = sourcecode.c.h; path = AppDelegate.h; sourceTree = "<group>"; };
		15780C992ABD681900169CDD /* AppDelegate.m */ = {isa = PBXFileReference; lastKnownFileType = sourcecode.c.objc; path = AppDelegate.m; sourceTree = "<group>"; };
		15780C9B2ABD681900169CDD /* SceneDelegate.h */ = {isa = PBXFileReference; lastKnownFileType = sourcecode.c.h; path = SceneDelegate.h; sourceTree = "<group>"; };
		15780C9C2ABD681900169CDD /* SceneDelegate.m */ = {isa = PBXFileReference; lastKnownFileType = sourcecode.c.objc; path = SceneDelegate.m; sourceTree = "<group>"; };
		15780C9E2ABD681900169CDD /* ViewController.h */ = {isa = PBXFileReference; lastKnownFileType = sourcecode.c.h; path = ViewController.h; sourceTree = "<group>"; };
		15780C9F2ABD681900169CDD /* ViewController.m */ = {isa = PBXFileReference; lastKnownFileType = sourcecode.c.objc; path = ViewController.m; sourceTree = "<group>"; };
		15780CA22ABD681900169CDD /* Base */ = {isa = PBXFileReference; lastKnownFileType = file.storyboard; name = Base; path = Base.lproj/Main.storyboard; sourceTree = "<group>"; };
		15780CA42ABD681C00169CDD /* Assets.xcassets */ = {isa = PBXFileReference; lastKnownFileType = folder.assetcatalog; path = Assets.xcassets; sourceTree = "<group>"; };
		15780CA72ABD681C00169CDD /* Base */ = {isa = PBXFileReference; lastKnownFileType = file.storyboard; name = Base; path = Base.lproj/LaunchScreen.storyboard; sourceTree = "<group>"; };
		15780CA92ABD681C00169CDD /* Info.plist */ = {isa = PBXFileReference; lastKnownFileType = text.plist.xml; path = Info.plist; sourceTree = "<group>"; };
		15780CAA2ABD681C00169CDD /* main.m */ = {isa = PBXFileReference; lastKnownFileType = sourcecode.c.objc; path = main.m; sourceTree = "<group>"; };
		15780CBF2ABE0DAB00169CDD /* DetailsViewController.h */ = {isa = PBXFileReference; lastKnownFileType = sourcecode.c.h; path = DetailsViewController.h; sourceTree = "<group>"; };
		15780CC02ABE0DAB00169CDD /* DetailsViewController.m */ = {isa = PBXFileReference; lastKnownFileType = sourcecode.c.objc; path = DetailsViewController.m; sourceTree = "<group>"; };
		15780CC32ABE179300169CDD /* MovieModel.h */ = {isa = PBXFileReference; lastKnownFileType = sourcecode.c.h; path = MovieModel.h; sourceTree = "<group>"; };
		15780CC42ABE179300169CDD /* MovieModel.m */ = {isa = PBXFileReference; lastKnownFileType = sourcecode.c.objc; path = MovieModel.m; sourceTree = "<group>"; };
		15780CC72ABE19BC00169CDD /* MovieDAO.h */ = {isa = PBXFileReference; lastKnownFileType = sourcecode.c.h; path = MovieDAO.h; sourceTree = "<group>"; };
		15780CC82ABE19BC00169CDD /* MovieDAO.m */ = {isa = PBXFileReference; lastKnownFileType = sourcecode.c.objc; path = MovieDAO.m; sourceTree = "<group>"; };
/* End PBXFileReference section */

/* Begin PBXFrameworksBuildPhase section */
		15780C922ABD681900169CDD /* Frameworks */ = {
			isa = PBXFrameworksBuildPhase;
			buildActionMask = 2147483647;
			files = (
			);
			runOnlyForDeploymentPostprocessing = 0;
		};
/* End PBXFrameworksBuildPhase section */

/* Begin PBXGroup section */
		15780C8C2ABD681900169CDD = {
			isa = PBXGroup;
			children = (
				15780C972ABD681900169CDD /* movvvies */,
				15780C962ABD681900169CDD /* Products */,
			);
			sourceTree = "<group>";
		};
		15780C962ABD681900169CDD /* Products */ = {
			isa = PBXGroup;
			children = (
				15780C952ABD681900169CDD /* movvvies.app */,
			);
			name = Products;
			sourceTree = "<group>";
		};
		15780C972ABD681900169CDD /* movvvies */ = {
			isa = PBXGroup;
			children = (
				15780C982ABD681900169CDD /* AppDelegate.h */,
				15780C992ABD681900169CDD /* AppDelegate.m */,
				15780C9B2ABD681900169CDD /* SceneDelegate.h */,
				15780C9C2ABD681900169CDD /* SceneDelegate.m */,
				15780C9E2ABD681900169CDD /* ViewController.h */,
				15780C9F2ABD681900169CDD /* ViewController.m */,
				15780CA12ABD681900169CDD /* Main.storyboard */,
				15780CA42ABD681C00169CDD /* Assets.xcassets */,
				15780CA62ABD681C00169CDD /* LaunchScreen.storyboard */,
				15780CA92ABD681C00169CDD /* Info.plist */,
				15780CAA2ABD681C00169CDD /* main.m */,
				15780CBF2ABE0DAB00169CDD /* DetailsViewController.h */,
				15780CC02ABE0DAB00169CDD /* DetailsViewController.m */,
				15780CC32ABE179300169CDD /* MovieModel.h */,
				15780CC42ABE179300169CDD /* MovieModel.m */,
				15780CC72ABE19BC00169CDD /* MovieDAO.h */,
				15780CC82ABE19BC00169CDD /* MovieDAO.m */,
			);
			path = movvvies;
			sourceTree = "<group>";
		};
/* End PBXGroup section */

/* Begin PBXNativeTarget section */
		15780C942ABD681900169CDD /* movvvies */ = {
			isa = PBXNativeTarget;
			buildConfigurationList = 15780CAE2ABD681C00169CDD /* Build configuration list for PBXNativeTarget "movvvies" */;
			buildPhases = (
				15780C912ABD681900169CDD /* Sources */,
				15780C922ABD681900169CDD /* Frameworks */,
				15780C932ABD681900169CDD /* Resources */,
			);
			buildRules = (
			);
			dependencies = (
			);
			name = movvvies;
			productName = movvvies;
			productReference = 15780C952ABD681900169CDD /* movvvies.app */;
			productType = "com.apple.product-type.application";
		};
/* End PBXNativeTarget section */

/* Begin PBXProject section */
		15780C8D2ABD681900169CDD /* Project object */ = {
			isa = PBXProject;
			attributes = {
				LastUpgradeCheck = 1240;
				TargetAttributes = {
					15780C942ABD681900169CDD = {
						CreatedOnToolsVersion = 12.4;
					};
				};
			};
			buildConfigurationList = 15780C902ABD681900169CDD /* Build configuration list for PBXProject "movvvies" */;
			compatibilityVersion = "Xcode 9.3";
			developmentRegion = en;
			hasScannedForEncodings = 0;
			knownRegions = (
				en,
				Base,
			);
			mainGroup = 15780C8C2ABD681900169CDD;
			productRefGroup = 15780C962ABD681900169CDD /* Products */;
			projectDirPath = "";
			projectRoot = "";
			targets = (
				15780C942ABD681900169CDD /* movvvies */,
			);
		};
/* End PBXProject section */

/* Begin PBXResourcesBuildPhase section */
		15780C932ABD681900169CDD /* Resources */ = {
			isa = PBXResourcesBuildPhase;
			buildActionMask = 2147483647;
			files = (
				15780CA82ABD681C00169CDD /* LaunchScreen.storyboard in Resources */,
				15780CA52ABD681C00169CDD /* Assets.xcassets in Resources */,
				15780CA32ABD681900169CDD /* Main.storyboard in Resources */,
			);
			runOnlyForDeploymentPostprocessing = 0;
		};
/* End PBXResourcesBuildPhase section */

/* Begin PBXSourcesBuildPhase section */
		15780C912ABD681900169CDD /* Sources */ = {
			isa = PBXSourcesBuildPhase;
			buildActionMask = 2147483647;
			files = (
				15780CC52ABE179300169CDD /* MovieModel.m in Sources */,
				15780CA02ABD681900169CDD /* ViewController.m in Sources */,
				15780C9A2ABD681900169CDD /* AppDelegate.m in Sources */,
				15780CAB2ABD681C00169CDD /* main.m in Sources */,
				15780CC12ABE0DAB00169CDD /* DetailsViewController.m in Sources */,
				15780C9D2ABD681900169CDD /* SceneDelegate.m in Sources */,
				15780CC92ABE19BC00169CDD /* MovieDAO.m in Sources */,
			);
			runOnlyForDeploymentPostprocessing = 0;
		};
/* End PBXSourcesBuildPhase section */

/* Begin PBXVariantGroup section */
		15780CA12ABD681900169CDD /* Main.storyboard */ = {
			isa = PBXVariantGroup;
			children = (
				15780CA22ABD681900169CDD /* Base */,
			);
			name = Main.storyboard;
			sourceTree = "<group>";
		};
		15780CA62ABD681C00169CDD /* LaunchScreen.storyboard */ = {
			isa = PBXVariantGroup;
			children = (
				15780CA72ABD681C00169CDD /* Base */,
			);
			name = LaunchScreen.storyboard;
			sourceTree = "<group>";
		};
/* End PBXVariantGroup section */

/* Begin XCBuildConfiguration section */
		15780CAC2ABD681C00169CDD /* Debug */ = {
			isa = XCBuildConfiguration;
			buildSettings = {
				ALWAYS_SEARCH_USER_PATHS = NO;
				CLANG_ANALYZER_NONNULL = YES;
				CLANG_ANALYZER_NUMBER_OBJECT_CONVERSION = YES_AGGRESSIVE;
				CLANG_CXX_LANGUAGE_STANDARD = "gnu++14";
				CLANG_CXX_LIBRARY = "libc++";
				CLANG_ENABLE_MODULES = YES;
				CLANG_ENABLE_OBJC_ARC = YES;
				CLANG_ENABLE_OBJC_WEAK = YES;
				CLANG_WARN_BLOCK_CAPTURE_AUTORELEASING = YES;
				CLANG_WARN_BOOL_CONVERSION = YES;
				CLANG_WARN_COMMA = YES;
				CLANG_WARN_CONSTANT_CONVERSION = YES;
				CLANG_WARN_DEPRECATED_OBJC_IMPLEMENTATIONS = YES;
				CLANG_WARN_DIRECT_OBJC_ISA_USAGE = YES_ERROR;
				CLANG_WARN_DOCUMENTATION_COMMENTS = YES;
				CLANG_WARN_EMPTY_BODY = YES;
				CLANG_WARN_ENUM_CONVERSION = YES;
				CLANG_WARN_INFINITE_RECURSION = YES;
				CLANG_WARN_INT_CONVERSION = YES;
				CLANG_WARN_NON_LITERAL_NULL_CONVERSION = YES;
				CLANG_WARN_OBJC_IMPLICIT_RETAIN_SELF = YES;
				CLANG_WARN_OBJC_LITERAL_CONVERSION = YES;
				CLANG_WARN_OBJC_ROOT_CLASS = YES_ERROR;
				CLANG_WARN_QUOTED_INCLUDE_IN_FRAMEWORK_HEADER = YES;
				CLANG_WARN_RANGE_LOOP_ANALYSIS = YES;
				CLANG_WARN_STRICT_PROTOTYPES = YES;
				CLANG_WARN_SUSPICIOUS_MOVE = YES;
				CLANG_WARN_UNGUARDED_AVAILABILITY = YES_AGGRESSIVE;
				CLANG_WARN_UNREACHABLE_CODE = YES;
				CLANG_WARN__DUPLICATE_METHOD_MATCH = YES;
				COPY_PHASE_STRIP = NO;
				DEBUG_INFORMATION_FORMAT = dwarf;
				ENABLE_STRICT_OBJC_MSGSEND = YES;
				ENABLE_TESTABILITY = YES;
				GCC_C_LANGUAGE_STANDARD = gnu11;
				GCC_DYNAMIC_NO_PIC = NO;
				GCC_NO_COMMON_BLOCKS = YES;
				GCC_OPTIMIZATION_LEVEL = 0;
				GCC_PREPROCESSOR_DEFINITIONS = (
					"DEBUG=1",
					"$(inherited)",
				);
				GCC_WARN_64_TO_32_BIT_CONVERSION = YES;
				GCC_WARN_ABOUT_RETURN_TYPE = YES_ERROR;
				GCC_WARN_UNDECLARED_SELECTOR = YES;
				GCC_WARN_UNINITIALIZED_AUTOS = YES_AGGRESSIVE;
				GCC_WARN_UNUSED_FUNCTION = YES;
				GCC_WARN_UNUSED_VARIABLE = YES;
				IPHONEOS_DEPLOYMENT_TARGET = 14.4;
				MTL_ENABLE_DEBUG_INFO = INCLUDE_SOURCE;
				MTL_FAST_MATH = YES;
				ONLY_ACTIVE_ARCH = YES;
				SDKROOT = iphoneos;
			};
			name = Debug;
		};
		15780CAD2ABD681C00169CDD /* Release */ = {
			isa = XCBuildConfiguration;
			buildSettings = {
				ALWAYS_SEARCH_USER_PATHS = NO;
				CLANG_ANALYZER_NONNULL = YES;
				CLANG_ANALYZER_NUMBER_OBJECT_CONVERSION = YES_AGGRESSIVE;
				CLANG_CXX_LANGUAGE_STANDARD = "gnu++14";
				CLANG_CXX_LIBRARY = "libc++";
				CLANG_ENABLE_MODULES = YES;
				CLANG_ENABLE_OBJC_ARC = YES;
				CLANG_ENABLE_OBJC_WEAK = YES;
				CLANG_WARN_BLOCK_CAPTURE_AUTORELEASING = YES;
				CLANG_WARN_BOOL_CONVERSION = YES;
				CLANG_WARN_COMMA = YES;
				CLANG_WARN_CONSTANT_CONVERSION = YES;
				CLANG_WARN_DEPRECATED_OBJC_IMPLEMENTATIONS = YES;
				CLANG_WARN_DIRECT_OBJC_ISA_USAGE = YES_ERROR;
				CLANG_WARN_DOCUMENTATION_COMMENTS = YES;
				CLANG_WARN_EMPTY_BODY = YES;
				CLANG_WARN_ENUM_CONVERSION = YES;
				CLANG_WARN_INFINITE_RECURSION = YES;
				CLANG_WARN_INT_CONVERSION = YES;
				CLANG_WARN_NON_LITERAL_NULL_CONVERSION = YES;
				CLANG_WARN_OBJC_IMPLICIT_RETAIN_SELF = YES;
				CLANG_WARN_OBJC_LITERAL_CONVERSION = YES;
				CLANG_WARN_OBJC_ROOT_CLASS = YES_ERROR;
				CLANG_WARN_QUOTED_INCLUDE_IN_FRAMEWORK_HEADER = YES;
				CLANG_WARN_RANGE_LOOP_ANALYSIS = YES;
				CLANG_WARN_STRICT_PROTOTYPES = YES;
				CLANG_WARN_SUSPICIOUS_MOVE = YES;
				CLANG_WARN_UNGUARDED_AVAILABILITY = YES_AGGRESSIVE;
				CLANG_WARN_UNREACHABLE_CODE = YES;
				CLANG_WARN__DUPLICATE_METHOD_MATCH = YES;
				COPY_PHASE_STRIP = NO;
				DEBUG_INFORMATION_FORMAT = "dwarf-with-dsym";
				ENABLE_NS_ASSERTIONS = NO;
				ENABLE_STRICT_OBJC_MSGSEND = YES;
				GCC_C_LANGUAGE_STANDARD = gnu11;
				GCC_NO_COMMON_BLOCKS = YES;
				GCC_WARN_64_TO_32_BIT_CONVERSION = YES;
				GCC_WARN_ABOUT_RETURN_TYPE = YES_ERROR;
				GCC_WARN_UNDECLARED_SELECTOR = YES;
				GCC_WARN_UNINITIALIZED_AUTOS = YES_AGGRESSIVE;
				GCC_WARN_UNUSED_FUNCTION = YES;
				GCC_WARN_UNUSED_VARIABLE = YES;
				IPHONEOS_DEPLOYMENT_TARGET = 14.4;
				MTL_ENABLE_DEBUG_INFO = NO;
				MTL_FAST_MATH = YES;
				SDKROOT = iphoneos;
				VALIDATE_PRODUCT = YES;
			};
			name = Release;
		};
		15780CAF2ABD681C00169CDD /* Debug */ = {
			isa = XCBuildConfiguration;
			buildSettings = {
				ASSETCATALOG_COMPILER_APPICON_NAME = AppIcon;
				ASSETCATALOG_COMPILER_GLOBAL_ACCENT_COLOR_NAME = AccentColor;
				CODE_SIGN_STYLE = Automatic;
				DEVELOPMENT_TEAM = XUWU8YLY9K;
				INFOPLIST_FILE = movvvies/Info.plist;
				LD_RUNPATH_SEARCH_PATHS = (
					"$(inherited)",
					"@executable_path/Frameworks",
				);
				PRODUCT_BUNDLE_IDENTIFIER = muriro.movvvies;
				PRODUCT_NAME = "$(TARGET_NAME)";
				TARGETED_DEVICE_FAMILY = "1,2";
			};
			name = Debug;
		};
		15780CB02ABD681C00169CDD /* Release */ = {
			isa = XCBuildConfiguration;
			buildSettings = {
				ASSETCATALOG_COMPILER_APPICON_NAME = AppIcon;
				ASSETCATALOG_COMPILER_GLOBAL_ACCENT_COLOR_NAME = AccentColor;
				CODE_SIGN_STYLE = Automatic;
				DEVELOPMENT_TEAM = XUWU8YLY9K;
				INFOPLIST_FILE = movvvies/Info.plist;
				LD_RUNPATH_SEARCH_PATHS = (
					"$(inherited)",
					"@executable_path/Frameworks",
				);
				PRODUCT_BUNDLE_IDENTIFIER = muriro.movvvies;
				PRODUCT_NAME = "$(TARGET_NAME)";
				TARGETED_DEVICE_FAMILY = "1,2";
			};
			name = Release;
		};
/* End XCBuildConfiguration section */

/* Begin XCConfigurationList section */
		15780C902ABD681900169CDD /* Build configuration list for PBXProject "movvvies" */ = {
			isa = XCConfigurationList;
			buildConfigurations = (
				15780CAC2ABD681C00169CDD /* Debug */,
				15780CAD2ABD681C00169CDD /* Release */,
			);
			defaultConfigurationIsVisible = 0;
			defaultConfigurationName = Release;
		};
		15780CAE2ABD681C00169CDD /* Build configuration list for PBXNativeTarget "movvvies" */ = {
			isa = XCConfigurationList;
			buildConfigurations = (
				15780CAF2ABD681C00169CDD /* Debug */,
				15780CB02ABD681C00169CDD /* Release */,
			);
			defaultConfigurationIsVisible = 0;
			defaultConfigurationName = Release;
		};
/* End XCConfigurationList section */
	};
	rootObject = 15780C8D2ABD681900169CDD /* Project object */;
}
